
Microsoft Visual Studio Solution File, Format Version 12.00
# Visual Studio Version 17
VisualStudioVersion = 17.8.34322.80
MinimumVisualStudioVersion = 10.0.40219.1
Project("{FAE04EC0-301F-11D3-BF4B-00C04F79EFBC}") = "Multiple Constructors 28022024", "Multiple Constructors 28022024.csproj", "{D1BB2EEA-0004-4118-B439-E1C442457EA1}"
EndProject
Global
	GlobalSection(SolutionConfigurationPlatforms) = preSolution
		Debug|Any CPU = Debug|Any CPU
		Release|Any CPU = Release|Any CPU
	EndGlobalSection
	GlobalSection(ProjectConfigurationPlatforms) = postSolution
		{D1BB2EEA-0004-4118-B439-E1C442457EA1}.Debug|Any CPU.ActiveCfg = Debug|Any CPU
		{D1BB2EEA-0004-4118-B439-E1C442457EA1}.Debug|Any CPU.Build.0 = Debug|Any CPU
		{D1BB2EEA-0004-4118-B439-E1C442457EA1}.Release|Any CPU.ActiveCfg = Release|Any CPU
		{D1BB2EEA-0004-4118-B439-E1C442457EA1}.Release|Any CPU.Build.0 = Release|Any CPU
	EndGlobalSection
	GlobalSection(SolutionProperties) = preSolution
		HideSolutionNode = FALSE
	EndGlobalSection
	GlobalSection(ExtensibilityGlobals) = postSolution
		SolutionGuid = {F0497DE2-D247-4707-B27D-64DB5287C7D3}
	EndGlobalSection
EndGlobal
